
Microsoft Visual Studio Solution File, Format Version 12.00
# Visual Studio Version 17
VisualStudioVersion = 17.3.32825.248
MinimumVisualStudioVersion = 10.0.40219.1
Project("{9A19103F-16F7-4668-BE54-9A1E7A4F7556}") = "WinFormsApp2", "WinFormsApp2\WinFormsApp2.csproj", "{99D75E87-D779-4612-A52E-A0113B432F5A}"
EndProject
Project("{FAE04EC0-301F-11D3-BF4B-00C04F79EFBC}") = "WinFormsApp2Tests", "WinFormsApp2Tests\WinFormsApp2Tests.csproj", "{3DC7C9C5-5A18-4B88-80E7-3D7578A1E398}"
EndProject
Global
	GlobalSection(SolutionConfigurationPlatforms) = preSolution
		Debug|Any CPU = Debug|Any CPU
		Release|Any CPU = Release|Any CPU
	EndGlobalSection
	GlobalSection(ProjectConfigurationPlatforms) = postSolution
		{99D75E87-D779-4612-A52E-A0113B432F5A}.Debug|Any CPU.ActiveCfg = Debug|Any CPU
		{99D75E87-D779-4612-A52E-A0113B432F5A}.Debug|Any CPU.Build.0 = Debug|Any CPU
		{99D75E87-D779-4612-A52E-A0113B432F5A}.Release|Any CPU.ActiveCfg = Release|Any CPU
		{99D75E87-D779-4612-A52E-A0113B432F5A}.Release|Any CPU.Build.0 = Release|Any CPU
		{3DC7C9C5-5A18-4B88-80E7-3D7578A1E398}.Debug|Any CPU.ActiveCfg = Debug|Any CPU
		{3DC7C9C5-5A18-4B88-80E7-3D7578A1E398}.Debug|Any CPU.Build.0 = Debug|Any CPU
		{3DC7C9C5-5A18-4B88-80E7-3D7578A1E398}.Release|Any CPU.ActiveCfg = Release|Any CPU
		{3DC7C9C5-5A18-4B88-80E7-3D7578A1E398}.Release|Any CPU.Build.0 = Release|Any CPU
	EndGlobalSection
	GlobalSection(SolutionProperties) = preSolution
		HideSolutionNode = FALSE
	EndGlobalSection
	GlobalSection(ExtensibilityGlobals) = postSolution
		SolutionGuid = {34D58B49-82F7-4D28-93F1-58B13CE48485}
	EndGlobalSection
EndGlobal
